
Microsoft Visual Studio Solution File, Format Version 12.00
# Visual Studio Version 16
VisualStudioVersion = 16.0.32929.386
MinimumVisualStudioVersion = 10.0.40219.1
Project("{FAE04EC0-301F-11D3-BF4B-00C04F79EFBC}") = "MvcHtmlInputDemo", "MvcHtmlInputDemo\MvcHtmlInputDemo.csproj", "{7B1D291B-6E80-4A1B-B91B-EC434A6D0B83}"
EndProject
Global
	GlobalSection(SolutionConfigurationPlatforms) = preSolution
		Debug|Any CPU = Debug|Any CPU
		Release|Any CPU = Release|Any CPU
	EndGlobalSection
	GlobalSection(ProjectConfigurationPlatforms) = postSolution
		{7B1D291B-6E80-4A1B-B91B-EC434A6D0B83}.Debug|Any CPU.ActiveCfg = Debug|Any CPU
		{7B1D291B-6E80-4A1B-B91B-EC434A6D0B83}.Debug|Any CPU.Build.0 = Debug|Any CPU
		{7B1D291B-6E80-4A1B-B91B-EC434A6D0B83}.Release|Any CPU.ActiveCfg = Release|Any CPU
		{7B1D291B-6E80-4A1B-B91B-EC434A6D0B83}.Release|Any CPU.Build.0 = Release|Any CPU
	EndGlobalSection
	GlobalSection(SolutionProperties) = preSolution
		HideSolutionNode = FALSE
	EndGlobalSection
	GlobalSection(ExtensibilityGlobals) = postSolution
		SolutionGuid = {D7935639-7CB9-44D0-87E0-DF1C735D6931}
	EndGlobalSection
EndGlobal
